// !$*UTF8*$!
{
	archiveVersion = 1;
	classes = {
	};
	objectVersion = 46;
	objects = {

/* Begin PBXBuildFile section */
		5AEA69FB1CEB6F2C0099641E /* AppDelegate.swift in Sources */ = {isa = PBXBuildFile; fileRef = 5AEA69FA1CEB6F2C0099641E /* AppDelegate.swift */; };
		5AEA69FD1CEB6F2C0099641E /* ViewController.swift in Sources */ = {isa = PBXBuildFile; fileRef = 5AEA69FC1CEB6F2C0099641E /* ViewController.swift */; };
		5AEA6A001CEB6F2C0099641E /* Main.storyboard in Resources */ = {isa = PBXBuildFile; fileRef = 5AEA69FE1CEB6F2C0099641E /* Main.storyboard */; };
		5AEA6A031CEB6F2C0099641E /* TestVideoPlayer.xcdatamodeld in Sources */ = {isa = PBXBuildFile; fileRef = 5AEA6A011CEB6F2C0099641E /* TestVideoPlayer.xcdatamodeld */; };
		5AEA6A051CEB6F2C0099641E /* Assets.xcassets in Resources */ = {isa = PBXBuildFile; fileRef = 5AEA6A041CEB6F2C0099641E /* Assets.xcassets */; };
		5AEA6A081CEB6F2C0099641E /* LaunchScreen.storyboard in Resources */ = {isa = PBXBuildFile; fileRef = 5AEA6A061CEB6F2C0099641E /* LaunchScreen.storyboard */; };
		5AEA6A131CEB6F2C0099641E /* TestVideoPlayerTests.swift in Sources */ = {isa = PBXBuildFile; fileRef = 5AEA6A121CEB6F2C0099641E /* TestVideoPlayerTests.swift */; };
		5AEA6A1E1CEB6F2C0099641E /* TestVideoPlayerUITests.swift in Sources */ = {isa = PBXBuildFile; fileRef = 5AEA6A1D1CEB6F2C0099641E /* TestVideoPlayerUITests.swift */; };
/* End PBXBuildFile section */

/* Begin PBXContainerItemProxy section */
		5AEA6A0F1CEB6F2C0099641E /* PBXContainerItemProxy */ = {
			isa = PBXContainerItemProxy;
			containerPortal = 5AEA69EF1CEB6F2C0099641E /* Project object */;
			proxyType = 1;
			remoteGlobalIDString = 5AEA69F61CEB6F2C0099641E;
			remoteInfo = TestVideoPlayer;
		};
		5AEA6A1A1CEB6F2C0099641E /* PBXContainerItemProxy */ = {
			isa = PBXContainerItemProxy;
			containerPortal = 5AEA69EF1CEB6F2C0099641E /* Project object */;
			proxyType = 1;
			remoteGlobalIDString = 5AEA69F61CEB6F2C0099641E;
			remoteInfo = TestVideoPlayer;
		};
/* End PBXContainerItemProxy section */

/* Begin PBXFileReference section */
		5AEA69F71CEB6F2C0099641E /* TestVideoPlayer.app */ = {isa = PBXFileReference; explicitFileType = wrapper.application; includeInIndex = 0; path = TestVideoPlayer.app; sourceTree = BUILT_PRODUCTS_DIR; };
		5AEA69FA1CEB6F2C0099641E /* AppDelegate.swift */ = {isa = PBXFileReference; lastKnownFileType = sourcecode.swift; path = AppDelegate.swift; sourceTree = "<group>"; };
		5AEA69FC1CEB6F2C0099641E /* ViewController.swift */ = {isa = PBXFileReference; lastKnownFileType = sourcecode.swift; path = ViewController.swift; sourceTree = "<group>"; };
		5AEA69FF1CEB6F2C0099641E /* Base */ = {isa = PBXFileReference; lastKnownFileType = file.storyboard; name = Base; path = Base.lproj/Main.storyboard; sourceTree = "<group>"; };
		5AEA6A021CEB6F2C0099641E /* TestVideoPlayer.xcdatamodel */ = {isa = PBXFileReference; lastKnownFileType = wrapper.xcdatamodel; path = TestVideoPlayer.xcdatamodel; sourceTree = "<group>"; };
		5AEA6A041CEB6F2C0099641E /* Assets.xcassets */ = {isa = PBXFileReference; lastKnownFileType = folder.assetcatalog; path = Assets.xcassets; sourceTree = "<group>"; };
		5AEA6A071CEB6F2C0099641E /* Base */ = {isa = PBXFileReference; lastKnownFileType = file.storyboard; name = Base; path = Base.lproj/LaunchScreen.storyboard; sourceTree = "<group>"; };
		5AEA6A091CEB6F2C0099641E /* Info.plist */ = {isa = PBXFileReference; lastKnownFileType = text.plist.xml; path = Info.plist; sourceTree = "<group>"; };
		5AEA6A0E1CEB6F2C0099641E /* TestVideoPlayerTests.xctest */ = {isa = PBXFileReference; explicitFileType = wrapper.cfbundle; includeInIndex = 0; path = TestVideoPlayerTests.xctest; sourceTree = BUILT_PRODUCTS_DIR; };
		5AEA6A121CEB6F2C0099641E /* TestVideoPlayerTests.swift */ = {isa = PBXFileReference; lastKnownFileType = sourcecode.swift; path = TestVideoPlayerTests.swift; sourceTree = "<group>"; };
		5AEA6A141CEB6F2C0099641E /* Info.plist */ = {isa = PBXFileReference; lastKnownFileType = text.plist.xml; path = Info.plist; sourceTree = "<group>"; };
		5AEA6A191CEB6F2C0099641E /* TestVideoPlayerUITests.xctest */ = {isa = PBXFileReference; explicitFileType = wrapper.cfbundle; includeInIndex = 0; path = TestVideoPlayerUITests.xctest; sourceTree = BUILT_PRODUCTS_DIR; };
		5AEA6A1D1CEB6F2C0099641E /* TestVideoPlayerUITests.swift */ = {isa = PBXFileReference; lastKnownFileType = sourcecode.swift; path = TestVideoPlayerUITests.swift; sourceTree = "<group>"; };
		5AEA6A1F1CEB6F2C0099641E /* Info.plist */ = {isa = PBXFileReference; lastKnownFileType = text.plist.xml; path = Info.plist; sourceTree = "<group>"; };
/* End PBXFileReference section */

/* Begin PBXFrameworksBuildPhase section */
		5AEA69F41CEB6F2C0099641E /* Frameworks */ = {
			isa = PBXFrameworksBuildPhase;
			buildActionMask = 2147483647;
			files = (
			);
			runOnlyForDeploymentPostprocessing = 0;
		};
		5AEA6A0B1CEB6F2C0099641E /* Frameworks */ = {
			isa = PBXFrameworksBuildPhase;
			buildActionMask = 2147483647;
			files = (
			);
			runOnlyForDeploymentPostprocessing = 0;
		};
		5AEA6A161CEB6F2C0099641E /* Frameworks */ = {
			isa = PBXFrameworksBuildPhase;
			buildActionMask = 2147483647;
			files = (
			);
			runOnlyForDeploymentPostprocessing = 0;
		};
/* End PBXFrameworksBuildPhase section */

/* Begin PBXGroup section */
		5AEA69EE1CEB6F2C0099641E = {
			isa = PBXGroup;
			children = (
				5AEA69F91CEB6F2C0099641E /* TestVideoPlayer */,
				5AEA6A111CEB6F2C0099641E /* TestVideoPlayerTests */,
				5AEA6A1C1CEB6F2C0099641E /* TestVideoPlayerUITests */,
				5AEA69F81CEB6F2C0099641E /* Products */,
			);
			sourceTree = "<group>";
		};
		5AEA69F81CEB6F2C0099641E /* Products */ = {
			isa = PBXGroup;
			children = (
				5AEA69F71CEB6F2C0099641E /* TestVideoPlayer.app */,
				5AEA6A0E1CEB6F2C0099641E /* TestVideoPlayerTests.xctest */,
				5AEA6A191CEB6F2C0099641E /* TestVideoPlayerUITests.xctest */,
			);
			name = Products;
			sourceTree = "<group>";
		};
		5AEA69F91CEB6F2C0099641E /* TestVideoPlayer */ = {
			isa = PBXGroup;
			children = (
				5AEA69FA1CEB6F2C0099641E /* AppDelegate.swift */,
				5AEA69FC1CEB6F2C0099641E /* ViewController.swift */,
				5AEA69FE1CEB6F2C0099641E /* Main.storyboard */,
				5AEA6A041CEB6F2C0099641E /* Assets.xcassets */,
				5AEA6A061CEB6F2C0099641E /* LaunchScreen.storyboard */,
				5AEA6A091CEB6F2C0099641E /* Info.plist */,
				5AEA6A011CEB6F2C0099641E /* TestVideoPlayer.xcdatamodeld */,
			);
			path = TestVideoPlayer;
			sourceTree = "<group>";
		};
		5AEA6A111CEB6F2C0099641E /* TestVideoPlayerTests */ = {
			isa = PBXGroup;
			children = (
				5AEA6A121CEB6F2C0099641E /* TestVideoPlayerTests.swift */,
				5AEA6A141CEB6F2C0099641E /* Info.plist */,
			);
			path = TestVideoPlayerTests;
			sourceTree = "<group>";
		};
		5AEA6A1C1CEB6F2C0099641E /* TestVideoPlayerUITests */ = {
			isa = PBXGroup;
			children = (
				5AEA6A1D1CEB6F2C0099641E /* TestVideoPlayerUITests.swift */,
				5AEA6A1F1CEB6F2C0099641E /* Info.plist */,
			);
			path = TestVideoPlayerUITests;
			sourceTree = "<group>";
		};
/* End PBXGroup section */

/* Begin PBXNativeTarget section */
		5AEA69F61CEB6F2C0099641E /* TestVideoPlayer */ = {
			isa = PBXNativeTarget;
			buildConfigurationList = 5AEA6A221CEB6F2C0099641E /* Build configuration list for PBXNativeTarget "TestVideoPlayer" */;
			buildPhases = (
				5AEA69F31CEB6F2C0099641E /* Sources */,
				5AEA69F41CEB6F2C0099641E /* Frameworks */,
				5AEA69F51CEB6F2C0099641E /* Resources */,
			);
			buildRules = (
			);
			dependencies = (
			);
			name = TestVideoPlayer;
			productName = TestVideoPlayer;
			productReference = 5AEA69F71CEB6F2C0099641E /* TestVideoPlayer.app */;
			productType = "com.apple.product-type.application";
		};
		5AEA6A0D1CEB6F2C0099641E /* TestVideoPlayerTests */ = {
			isa = PBXNativeTarget;
			buildConfigurationList = 5AEA6A251CEB6F2C0099641E /* Build configuration list for PBXNativeTarget "TestVideoPlayerTests" */;
			buildPhases = (
				5AEA6A0A1CEB6F2C0099641E /* Sources */,
				5AEA6A0B1CEB6F2C0099641E /* Frameworks */,
				5AEA6A0C1CEB6F2C0099641E /* Resources */,
			);
			buildRules = (
			);
			dependencies = (
				5AEA6A101CEB6F2C0099641E /* PBXTargetDependency */,
			);
			name = TestVideoPlayerTests;
			productName = TestVideoPlayerTests;
			productReference = 5AEA6A0E1CEB6F2C0099641E /* TestVideoPlayerTests.xctest */;
			productType = "com.apple.product-type.bundle.unit-test";
		};
		5AEA6A181CEB6F2C0099641E /* TestVideoPlayerUITests */ = {
			isa = PBXNativeTarget;
			buildConfigurationList = 5AEA6A281CEB6F2C0099641E /* Build configuration list for PBXNativeTarget "TestVideoPlayerUITests" */;
			buildPhases = (
				5AEA6A151CEB6F2C0099641E /* Sources */,
				5AEA6A161CEB6F2C0099641E /* Frameworks */,
				5AEA6A171CEB6F2C0099641E /* Resources */,
			);
			buildRules = (
			);
			dependencies = (
				5AEA6A1B1CEB6F2C0099641E /* PBXTargetDependency */,
			);
			name = TestVideoPlayerUITests;
			productName = TestVideoPlayerUITests;
			productReference = 5AEA6A191CEB6F2C0099641E /* TestVideoPlayerUITests.xctest */;
			productType = "com.apple.product-type.bundle.ui-testing";
		};
/* End PBXNativeTarget section */

/* Begin PBXProject section */
		5AEA69EF1CEB6F2C0099641E /* Project object */ = {
			isa = PBXProject;
			attributes = {
				LastSwiftUpdateCheck = 0730;
				LastUpgradeCheck = 0730;
				ORGANIZATIONNAME = Home;
				TargetAttributes = {
					5AEA69F61CEB6F2C0099641E = {
						CreatedOnToolsVersion = 7.3.1;
					};
					5AEA6A0D1CEB6F2C0099641E = {
						CreatedOnToolsVersion = 7.3.1;
						TestTargetID = 5AEA69F61CEB6F2C0099641E;
					};
					5AEA6A181CEB6F2C0099641E = {
						CreatedOnToolsVersion = 7.3.1;
						TestTargetID = 5AEA69F61CEB6F2C0099641E;
					};
				};
			};
			buildConfigurationList = 5AEA69F21CEB6F2C0099641E /* Build configuration list for PBXProject "TestVideoPlayer" */;
			compatibilityVersion = "Xcode 3.2";
			developmentRegion = English;
			hasScannedForEncodings = 0;
			knownRegions = (
				en,
				Base,
			);
			mainGroup = 5AEA69EE1CEB6F2C0099641E;
			productRefGroup = 5AEA69F81CEB6F2C0099641E /* Products */;
			projectDirPath = "";
			projectRoot = "";
			targets = (
				5AEA69F61CEB6F2C0099641E /* TestVideoPlayer */,
				5AEA6A0D1CEB6F2C0099641E /* TestVideoPlayerTests */,
				5AEA6A181CEB6F2C0099641E /* TestVideoPlayerUITests */,
			);
		};
/* End PBXProject section */

/* Begin PBXResourcesBuildPhase section */
		5AEA69F51CEB6F2C0099641E /* Resources */ = {
			isa = PBXResourcesBuildPhase;
			buildActionMask = 2147483647;
			files = (
				5AEA6A081CEB6F2C0099641E /* LaunchScreen.storyboard in Resources */,
				5AEA6A051CEB6F2C0099641E /* Assets.xcassets in Resources */,
				5AEA6A001CEB6F2C0099641E /* Main.storyboard in Resources */,
			);
			runOnlyForDeploymentPostprocessing = 0;
		};
		5AEA6A0C1CEB6F2C0099641E /* Resources */ = {
			isa = PBXResourcesBuildPhase;
			buildActionMask = 2147483647;
			files = (
			);
			runOnlyForDeploymentPostprocessing = 0;
		};
		5AEA6A171CEB6F2C0099641E /* Resources */ = {
			isa = PBXResourcesBuildPhase;
			buildActionMask = 2147483647;
			files = (
			);
			runOnlyForDeploymentPostprocessing = 0;
		};
/* End PBXResourcesBuildPhase section */

/* Begin PBXSourcesBuildPhase section */
		5AEA69F31CEB6F2C0099641E /* Sources */ = {
			isa = PBXSourcesBuildPhase;
			buildActionMask = 2147483647;
			files = (
				5AEA69FD1CEB6F2C0099641E /* ViewController.swift in Sources */,
				5AEA6A031CEB6F2C0099641E /* TestVideoPlayer.xcdatamodeld in Sources */,
				5AEA69FB1CEB6F2C0099641E /* AppDelegate.swift in Sources */,
			);
			runOnlyForDeploymentPostprocessing = 0;
		};
		5AEA6A0A1CEB6F2C0099641E /* Sources */ = {
			isa = PBXSourcesBuildPhase;
			buildActionMask = 2147483647;
			files = (
				5AEA6A131CEB6F2C0099641E /* TestVideoPlayerTests.swift in Sources */,
			);
			runOnlyForDeploymentPostprocessing = 0;
		};
		5AEA6A151CEB6F2C0099641E /* Sources */ = {
			isa = PBXSourcesBuildPhase;
			buildActionMask = 2147483647;
			files = (
				5AEA6A1E1CEB6F2C0099641E /* TestVideoPlayerUITests.swift in Sources */,
			);
			runOnlyForDeploymentPostprocessing = 0;
		};
/* End PBXSourcesBuildPhase section */

/* Begin PBXTargetDependency section */
		5AEA6A101CEB6F2C0099641E /* PBXTargetDependency */ = {
			isa = PBXTargetDependency;
			target = 5AEA69F61CEB6F2C0099641E /* TestVideoPlayer */;
			targetProxy = 5AEA6A0F1CEB6F2C0099641E /* PBXContainerItemProxy */;
		};
		5AEA6A1B1CEB6F2C0099641E /* PBXTargetDependency */ = {
			isa = PBXTargetDependency;
			target = 5AEA69F61CEB6F2C0099641E /* TestVideoPlayer */;
			targetProxy = 5AEA6A1A1CEB6F2C0099641E /* PBXContainerItemProxy */;
		};
/* End PBXTargetDependency section */

/* Begin PBXVariantGroup section */
		5AEA69FE1CEB6F2C0099641E /* Main.storyboard */ = {
			isa = PBXVariantGroup;
			children = (
				5AEA69FF1CEB6F2C0099641E /* Base */,
			);
			name = Main.storyboard;
			sourceTree = "<group>";
		};
		5AEA6A061CEB6F2C0099641E /* LaunchScreen.storyboard */ = {
			isa = PBXVariantGroup;
			children = (
				5AEA6A071CEB6F2C0099641E /* Base */,
			);
			name = LaunchScreen.storyboard;
			sourceTree = "<group>";
		};
/* End PBXVariantGroup section */

/* Begin XCBuildConfiguration section */
		5AEA6A201CEB6F2C0099641E /* Debug */ = {
			isa = XCBuildConfiguration;
			buildSettings = {
				ALWAYS_SEARCH_USER_PATHS = NO;
				CLANG_ANALYZER_NONNULL = YES;
				CLANG_CXX_LANGUAGE_STANDARD = "gnu++0x";
				CLANG_CXX_LIBRARY = "libc++";
				CLANG_ENABLE_MODULES = YES;
				CLANG_ENABLE_OBJC_ARC = YES;
				CLANG_WARN_BOOL_CONVERSION = YES;
				CLANG_WARN_CONSTANT_CONVERSION = YES;
				CLANG_WARN_DIRECT_OBJC_ISA_USAGE = YES_ERROR;
				CLANG_WARN_EMPTY_BODY = YES;
				CLANG_WARN_ENUM_CONVERSION = YES;
				CLANG_WARN_INT_CONVERSION = YES;
				CLANG_WARN_OBJC_ROOT_CLASS = YES_ERROR;
				CLANG_WARN_UNREACHABLE_CODE = YES;
				CLANG_WARN__DUPLICATE_METHOD_MATCH = YES;
				"CODE_SIGN_IDENTITY[sdk=iphoneos*]" = "iPhone Developer";
				COPY_PHASE_STRIP = NO;
				DEBUG_INFORMATION_FORMAT = dwarf;
				ENABLE_STRICT_OBJC_MSGSEND = YES;
				ENABLE_TESTABILITY = YES;
				GCC_C_LANGUAGE_STANDARD = gnu99;
				GCC_DYNAMIC_NO_PIC = NO;
				GCC_NO_COMMON_BLOCKS = YES;
				GCC_OPTIMIZATION_LEVEL = 0;
				GCC_PREPROCESSOR_DEFINITIONS = (
					"DEBUG=1",
					"$(inherited)",
				);
				GCC_WARN_64_TO_32_BIT_CONVERSION = YES;
				GCC_WARN_ABOUT_RETURN_TYPE = YES_ERROR;
				GCC_WARN_UNDECLARED_SELECTOR = YES;
				GCC_WARN_UNINITIALIZED_AUTOS = YES_AGGRESSIVE;
				GCC_WARN_UNUSED_FUNCTION = YES;
				GCC_WARN_UNUSED_VARIABLE = YES;
				IPHONEOS_DEPLOYMENT_TARGET = 9.3;
				MTL_ENABLE_DEBUG_INFO = YES;
				ONLY_ACTIVE_ARCH = YES;
				SDKROOT = iphoneos;
				SWIFT_OPTIMIZATION_LEVEL = "-Onone";
			};
			name = Debug;
		};
		5AEA6A211CEB6F2C0099641E /* Release */ = {
			isa = XCBuildConfiguration;
			buildSettings = {
				ALWAYS_SEARCH_USER_PATHS = NO;
				CLANG_ANALYZER_NONNULL = YES;
				CLANG_CXX_LANGUAGE_STANDARD = "gnu++0x";
				CLANG_CXX_LIBRARY = "libc++";
				CLANG_ENABLE_MODULES = YES;
				CLANG_ENABLE_OBJC_ARC = YES;
				CLANG_WARN_BOOL_CONVERSION = YES;
				CLANG_WARN_CONSTANT_CONVERSION = YES;
				CLANG_WARN_DIRECT_OBJC_ISA_USAGE = YES_ERROR;
				CLANG_WARN_EMPTY_BODY = YES;
				CLANG_WARN_ENUM_CONVERSION = YES;
				CLANG_WARN_INT_CONVERSION = YES;
				CLANG_WARN_OBJC_ROOT_CLASS = YES_ERROR;
				CLANG_WARN_UNREACHABLE_CODE = YES;
				CLANG_WARN__DUPLICATE_METHOD_MATCH = YES;
				"CODE_SIGN_IDENTITY[sdk=iphoneos*]" = "iPhone Developer";
				COPY_PHASE_STRIP = NO;
				DEBUG_INFORMATION_FORMAT = "dwarf-with-dsym";
				ENABLE_NS_ASSERTIONS = NO;
				ENABLE_STRICT_OBJC_MSGSEND = YES;
				GCC_C_LANGUAGE_STANDARD = gnu99;
				GCC_NO_COMMON_BLOCKS = YES;
				GCC_WARN_64_TO_32_BIT_CONVERSION = YES;
				GCC_WARN_ABOUT_RETURN_TYPE = YES_ERROR;
				GCC_WARN_UNDECLARED_SELECTOR = YES;
				GCC_WARN_UNINITIALIZED_AUTOS = YES_AGGRESSIVE;
				GCC_WARN_UNUSED_FUNCTION = YES;
				GCC_WARN_UNUSED_VARIABLE = YES;
				IPHONEOS_DEPLOYMENT_TARGET = 9.3;
				MTL_ENABLE_DEBUG_INFO = NO;
				SDKROOT = iphoneos;
				VALIDATE_PRODUCT = YES;
			};
			name = Release;
		};
		5AEA6A231CEB6F2C0099641E /* Debug */ = {
			isa = XCBuildConfiguration;
			buildSettings = {
				ASSETCATALOG_COMPILER_APPICON_NAME = AppIcon;
				INFOPLIST_FILE = TestVideoPlayer/Info.plist;
				LD_RUNPATH_SEARCH_PATHS = "$(inherited) @executable_path/Frameworks";
				PRODUCT_BUNDLE_IDENTIFIER = com.home.TestVideoPlayer;
				PRODUCT_NAME = "$(TARGET_NAME)";
			};
			name = Debug;
		};
		5AEA6A241CEB6F2C0099641E /* Release */ = {
			isa = XCBuildConfiguration;
			buildSettings = {
				ASSETCATALOG_COMPILER_APPICON_NAME = AppIcon;
				INFOPLIST_FILE = TestVideoPlayer/Info.plist;
				LD_RUNPATH_SEARCH_PATHS = "$(inherited) @executable_path/Frameworks";
				PRODUCT_BUNDLE_IDENTIFIER = com.home.TestVideoPlayer;
				PRODUCT_NAME = "$(TARGET_NAME)";
			};
			name = Release;
		};
		5AEA6A261CEB6F2C0099641E /* Debug */ = {
			isa = XCBuildConfiguration;
			buildSettings = {
				BUNDLE_LOADER = "$(TEST_HOST)";
				INFOPLIST_FILE = TestVideoPlayerTests/Info.plist;
				LD_RUNPATH_SEARCH_PATHS = "$(inherited) @executable_path/Frameworks @loader_path/Frameworks";
				PRODUCT_BUNDLE_IDENTIFIER = com.home.TestVideoPlayerTests;
				PRODUCT_NAME = "$(TARGET_NAME)";
				TEST_HOST = "$(BUILT_PRODUCTS_DIR)/TestVideoPlayer.app/TestVideoPlayer";
			};
			name = Debug;
		};
		5AEA6A271CEB6F2C0099641E /* Release */ = {
			isa = XCBuildConfiguration;
			buildSettings = {
				BUNDLE_LOADER = "$(TEST_HOST)";
				INFOPLIST_FILE = TestVideoPlayerTests/Info.plist;
				LD_RUNPATH_SEARCH_PATHS = "$(inherited) @executable_path/Frameworks @loader_path/Frameworks";
				PRODUCT_BUNDLE_IDENTIFIER = com.home.TestVideoPlayerTests;
				PRODUCT_NAME = "$(TARGET_NAME)";
				TEST_HOST = "$(BUILT_PRODUCTS_DIR)/TestVideoPlayer.app/TestVideoPlayer";
			};
			name = Release;
		};
		5AEA6A291CEB6F2C0099641E /* Debug */ = {
			isa = XCBuildConfiguration;
			buildSettings = {
				INFOPLIST_FILE = TestVideoPlayerUITests/Info.plist;
				LD_RUNPATH_SEARCH_PATHS = "$(inherited) @executable_path/Frameworks @loader_path/Frameworks";
				PRODUCT_BUNDLE_IDENTIFIER = com.home.TestVideoPlayerUITests;
				PRODUCT_NAME = "$(TARGET_NAME)";
				TEST_TARGET_NAME = TestVideoPlayer;
			};
			name = Debug;
		};
		5AEA6A2A1CEB6F2C0099641E /* Release */ = {
			isa = XCBuildConfiguration;
			buildSettings = {
				INFOPLIST_FILE = TestVideoPlayerUITests/Info.plist;
				LD_RUNPATH_SEARCH_PATHS = "$(inherited) @executable_path/Frameworks @loader_path/Frameworks";
				PRODUCT_BUNDLE_IDENTIFIER = com.home.TestVideoPlayerUITests;
				PRODUCT_NAME = "$(TARGET_NAME)";
				TEST_TARGET_NAME = TestVideoPlayer;
			};
			name = Release;
		};
/* End XCBuildConfiguration section */

/* Begin XCConfigurationList section */
		5AEA69F21CEB6F2C0099641E /* Build configuration list for PBXProject "TestVideoPlayer" */ = {
			isa = XCConfigurationList;
			buildConfigurations = (
				5AEA6A201CEB6F2C0099641E /* Debug */,
				5AEA6A211CEB6F2C0099641E /* Release */,
			);
			defaultConfigurationIsVisible = 0;
			defaultConfigurationName = Release;
		};
		5AEA6A221CEB6F2C0099641E /* Build configuration list for PBXNativeTarget "TestVideoPlayer" */ = {
			isa = XCConfigurationList;
			buildConfigurations = (
				5AEA6A231CEB6F2C0099641E /* Debug */,
				5AEA6A241CEB6F2C0099641E /* Release */,
			);
			defaultConfigurationIsVisible = 0;
		};
		5AEA6A251CEB6F2C0099641E /* Build configuration list for PBXNativeTarget "TestVideoPlayerTests" */ = {
			isa = XCConfigurationList;
			buildConfigurations = (
				5AEA6A261CEB6F2C0099641E /* Debug */,
				5AEA6A271CEB6F2C0099641E /* Release */,
			);
			defaultConfigurationIsVisible = 0;
		};
		5AEA6A281CEB6F2C0099641E /* Build configuration list for PBXNativeTarget "TestVideoPlayerUITests" */ = {
			isa = XCConfigurationList;
			buildConfigurations = (
				5AEA6A291CEB6F2C0099641E /* Debug */,
				5AEA6A2A1CEB6F2C0099641E /* Release */,
			);
			defaultConfigurationIsVisible = 0;
		};
/* End XCConfigurationList section */

/* Begin XCVersionGroup section */
		5AEA6A011CEB6F2C0099641E /* TestVideoPlayer.xcdatamodeld */ = {
			isa = XCVersionGroup;
			children = (
				5AEA6A021CEB6F2C0099641E /* TestVideoPlayer.xcdatamodel */,
			);
			currentVersion = 5AEA6A021CEB6F2C0099641E /* TestVideoPlayer.xcdatamodel */;
			path = TestVideoPlayer.xcdatamodeld;
			sourceTree = "<group>";
			versionGroupType = wrapper.xcdatamodel;
		};
/* End XCVersionGroup section */
	};
	rootObject = 5AEA69EF1CEB6F2C0099641E /* Project object */;
}
